Microsoft Visual Studio Solution File, Format Version 12.00
# Visual Studio Version 17
VisualStudioVersion = 17.0.32112.339
MinimumVisualStudioVersion = 10.0.40219.1
Project("{2150E333-8FDC-42A3-9474-1A3956D46DE8}") = "Common", "Common", "{7F5FA449-C047-47EC-B104-61FD3754F8AC}"
EndProject
Project("{FAE04EC0-301F-11D3-BF4B-00C04F79EFBC}") = "Main", "Common\Main\Main.csproj", "{0D226ADF-C558-026E-09A7-A03CE3BADC55}"
EndProject
Project("{FAE04EC0-301F-11D3-BF4B-00C04F79EFBC}") = "PackingStation", "PackingStation\PackingStation.csproj", "{AF2BAA34-BB33-0138-3EFA-051CF171CA49}"
EndProject
Project("{FAE04EC0-301F-11D3-BF4B-00C04F79EFBC}") = "AdminStation", "AdminStation\AdminStation.csproj", "{311217E1-F785-0ABF-35BC-DBA41FBA6770}"
EndProject
Project("{FAE04EC0-301F-11D3-BF4B-00C04F79EFBC}") = "TechnicalStation", "TechnicalStation\TechnicalStation.csproj", "{FA29E7F4-4722-06E4-24A6-4337655CD3AD}"
EndProject
Project("{FAE04EC0-301F-11D3-BF4B-00C04F79EFBC}") = "ServiceStation", "ServiceStation\ServiceStation.csproj", "{560CCBAA-9FF6-0710-3C28-B5CAF9587FF9}"
EndProject
Project("{FAE04EC0-301F-11D3-BF4B-00C04F79EFBC}") = "RFIDAbstractionLayer", "Common\RFIDAbstractionLayer\RFIDAbstractionLayer.csproj", "{F57D2810-BEC8-490D-BFDD-3CC3980F938C}"
EndProject
Project("{FAE04EC0-301F-11D3-BF4B-00C04F79EFBC}") = "RFIDAbstractionLayer.TestingApp", "Common\RFIDAbstractionLayer.WinForms\RFIDAbstractionLayer.TestingApp.csproj", "{2A146797-7702-4800-8DD1-0AE43DC8FF92}"
EndProject
Project("{9A19103F-16F7-4668-BE54-9A1E7A4F7556}") = "RFIDAbstractionLayer.Simulator", "Common\RFIDAbstractionLayer.Simulator\RFIDAbstractionLayer.Simulator.csproj", "{AC451DDC-EFBA-4F7A-AA01-37F64ECEED74}"
EndProject
Project("{9A19103F-16F7-4668-BE54-9A1E7A4F7556}") = "UIControls.WPF", "Common\UIControls.WPF\UIControls.WPF.csproj", "{3323D254-444A-4045-82BE-D8E1841775D7}"
EndProject
Project("{FAE04EC0-301F-11D3-BF4B-00C04F79EFBC}") = "CheckboxStation", "CheckboxStation\CheckboxStation.csproj", "{1973DA5C-E2F6-4F19-9F5F-DF67873F44E0}"
EndProject
Project("{9A19103F-16F7-4668-BE54-9A1E7A4F7556}") = "ServiceAndMaintenanceStation", "ServiceAndMaintenanceStation\ServiceAndMaintenanceStation.csproj", "{3CC269AC-22B3-456C-98D3-891D938EB801}"
EndProject
Project("{9A19103F-16F7-4668-BE54-9A1E7A4F7556}") = "Tests", "Tests\Tests.csproj", "{7E59992A-4C7E-413F-ADF1-CEA58639E25A}"
EndProject
Global
	GlobalSection(SolutionConfigurationPlatforms) = preSolution
		Debug|Any CPU = Debug|Any CPU
		Debug|x86 = Debug|x86
		Release|Any CPU = Release|Any CPU
		Release|x86 = Release|x86
	EndGlobalSection
	GlobalSection(ProjectConfigurationPlatforms) = postSolution
		{0D226ADF-C558-026E-09A7-A03CE3BADC55}.Debug|Any CPU.ActiveCfg = Debug|Any CPU
		{0D226ADF-C558-026E-09A7-A03CE3BADC55}.Debug|Any CPU.Build.0 = Debug|Any CPU
		{0D226ADF-C558-026E-09A7-A03CE3BADC55}.Debug|x86.ActiveCfg = Debug|Any CPU
		{0D226ADF-C558-026E-09A7-A03CE3BADC55}.Debug|x86.Build.0 = Debug|Any CPU
		{0D226ADF-C558-026E-09A7-A03CE3BADC55}.Release|Any CPU.ActiveCfg = Release|Any CPU
		{0D226ADF-C558-026E-09A7-A03CE3BADC55}.Release|Any CPU.Build.0 = Release|Any CPU
		{0D226ADF-C558-026E-09A7-A03CE3BADC55}.Release|x86.ActiveCfg = Release|Any CPU
		{0D226ADF-C558-026E-09A7-A03CE3BADC55}.Release|x86.Build.0 = Release|Any CPU
		{AF2BAA34-BB33-0138-3EFA-051CF171CA49}.Debug|Any CPU.ActiveCfg = Debug|Any CPU
		{AF2BAA34-BB33-0138-3EFA-051CF171CA49}.Debug|Any CPU.Build.0 = Debug|Any CPU
		{AF2BAA34-BB33-0138-3EFA-051CF171CA49}.Debug|x86.ActiveCfg = Debug|Any CPU
		{AF2BAA34-BB33-0138-3EFA-051CF171CA49}.Debug|x86.Build.0 = Debug|Any CPU
		{AF2BAA34-BB33-0138-3EFA-051CF171CA49}.Release|Any CPU.ActiveCfg = Release|Any CPU
		{AF2BAA34-BB33-0138-3EFA-051CF171CA49}.Release|Any CPU.Build.0 = Release|Any CPU
		{AF2BAA34-BB33-0138-3EFA-051CF171CA49}.Release|x86.ActiveCfg = Release|Any CPU
		{AF2BAA34-BB33-0138-3EFA-051CF171CA49}.Release|x86.Build.0 = Release|Any CPU
		{311217E1-F785-0ABF-35BC-DBA41FBA6770}.Debug|Any CPU.ActiveCfg = Debug|Any CPU
		{311217E1-F785-0ABF-35BC-DBA41FBA6770}.Debug|Any CPU.Build.0 = Debug|Any CPU
		{311217E1-F785-0ABF-35BC-DBA41FBA6770}.Debug|x86.ActiveCfg = Debug|Any CPU
		{311217E1-F785-0ABF-35BC-DBA41FBA6770}.Debug|x86.Build.0 = Debug|Any CPU
		{311217E1-F785-0ABF-35BC-DBA41FBA6770}.Release|Any CPU.ActiveCfg = Release|Any CPU
		{311217E1-F785-0ABF-35BC-DBA41FBA6770}.Release|Any CPU.Build.0 = Release|Any CPU
		{311217E1-F785-0ABF-35BC-DBA41FBA6770}.Release|x86.ActiveCfg = Release|Any CPU
		{311217E1-F785-0ABF-35BC-DBA41FBA6770}.Release|x86.Build.0 = Release|Any CPU
		{FA29E7F4-4722-06E4-24A6-4337655CD3AD}.Debug|Any CPU.ActiveCfg = Debug|Any CPU
		{FA29E7F4-4722-06E4-24A6-4337655CD3AD}.Debug|Any CPU.Build.0 = Debug|Any CPU
		{FA29E7F4-4722-06E4-24A6-4337655CD3AD}.Debug|x86.ActiveCfg = Debug|x86
		{FA29E7F4-4722-06E4-24A6-4337655CD3AD}.Debug|x86.Build.0 = Debug|x86
		{FA29E7F4-4722-06E4-24A6-4337655CD3AD}.Release|Any CPU.ActiveCfg = Release|Any CPU
		{FA29E7F4-4722-06E4-24A6-4337655CD3AD}.Release|Any CPU.Build.0 = Release|Any CPU
		{FA29E7F4-4722-06E4-24A6-4337655CD3AD}.Release|x86.ActiveCfg = Release|x86
		{FA29E7F4-4722-06E4-24A6-4337655CD3AD}.Release|x86.Build.0 = Release|x86
		{560CCBAA-9FF6-0710-3C28-B5CAF9587FF9}.Debug|Any CPU.ActiveCfg = Debug|Any CPU
		{560CCBAA-9FF6-0710-3C28-B5CAF9587FF9}.Debug|Any CPU.Build.0 = Debug|Any CPU
		{560CCBAA-9FF6-0710-3C28-B5CAF9587FF9}.Debug|x86.ActiveCfg = Debug|Any CPU
		{560CCBAA-9FF6-0710-3C28-B5CAF9587FF9}.Debug|x86.Build.0 = Debug|Any CPU
		{560CCBAA-9FF6-0710-3C28-B5CAF9587FF9}.Release|Any CPU.ActiveCfg = Release|Any CPU
		{560CCBAA-9FF6-0710-3C28-B5CAF9587FF9}.Release|Any CPU.Build.0 = Release|Any CPU
		{560CCBAA-9FF6-0710-3C28-B5CAF9587FF9}.Release|x86.ActiveCfg = Release|Any CPU
		{560CCBAA-9FF6-0710-3C28-B5CAF9587FF9}.Release|x86.Build.0 = Release|Any CPU
		{F57D2810-BEC8-490D-BFDD-3CC3980F938C}.Debug|Any CPU.ActiveCfg = Debug|Any CPU
		{F57D2810-BEC8-490D-BFDD-3CC3980F938C}.Debug|Any CPU.Build.0 = Debug|Any CPU
		{F57D2810-BEC8-490D-BFDD-3CC3980F938C}.Debug|x86.ActiveCfg = Debug|Any CPU
		{F57D2810-BEC8-490D-BFDD-3CC3980F938C}.Debug|x86.Build.0 = Debug|Any CPU
		{F57D2810-BEC8-490D-BFDD-3CC3980F938C}.Release|Any CPU.ActiveCfg = Release|Any CPU
		{F57D2810-BEC8-490D-BFDD-3CC3980F938C}.Release|Any CPU.Build.0 = Release|Any CPU
		{F57D2810-BEC8-490D-BFDD-3CC3980F938C}.Release|x86.ActiveCfg = Release|Any CPU
		{F57D2810-BEC8-490D-BFDD-3CC3980F938C}.Release|x86.Build.0 = Release|Any CPU
		{2A146797-7702-4800-8DD1-0AE43DC8FF92}.Debug|Any CPU.ActiveCfg = Debug|Any CPU
		{2A146797-7702-4800-8DD1-0AE43DC8FF92}.Debug|Any CPU.Build.0 = Debug|Any CPU
		{2A146797-7702-4800-8DD1-0AE43DC8FF92}.Debug|x86.ActiveCfg = Debug|x86
		{2A146797-7702-4800-8DD1-0AE43DC8FF92}.Debug|x86.Build.0 = Debug|x86
		{2A146797-7702-4800-8DD1-0AE43DC8FF92}.Release|Any CPU.ActiveCfg = Release|Any CPU
		{2A146797-7702-4800-8DD1-0AE43DC8FF92}.Release|Any CPU.Build.0 = Release|Any CPU
		{2A146797-7702-4800-8DD1-0AE43DC8FF92}.Release|x86.ActiveCfg = Release|x86
		{2A146797-7702-4800-8DD1-0AE43DC8FF92}.Release|x86.Build.0 = Release|x86
		{AC451DDC-EFBA-4F7A-AA01-37F64ECEED74}.Debug|Any CPU.ActiveCfg = Debug|Any CPU
		{AC451DDC-EFBA-4F7A-AA01-37F64ECEED74}.Debug|Any CPU.Build.0 = Debug|Any CPU
		{AC451DDC-EFBA-4F7A-AA01-37F64ECEED74}.Debug|x86.ActiveCfg = Debug|Any CPU
		{AC451DDC-EFBA-4F7A-AA01-37F64ECEED74}.Debug|x86.Build.0 = Debug|Any CPU
		{AC451DDC-EFBA-4F7A-AA01-37F64ECEED74}.Release|Any CPU.ActiveCfg = Release|Any CPU
		{AC451DDC-EFBA-4F7A-AA01-37F64ECEED74}.Release|Any CPU.Build.0 = Release|Any CPU
		{AC451DDC-EFBA-4F7A-AA01-37F64ECEED74}.Release|x86.ActiveCfg = Release|Any CPU
		{AC451DDC-EFBA-4F7A-AA01-37F64ECEED74}.Release|x86.Build.0 = Release|Any CPU
		{3323D254-444A-4045-82BE-D8E1841775D7}.Debug|Any CPU.ActiveCfg = Debug|Any CPU
		{3323D254-444A-4045-82BE-D8E1841775D7}.Debug|Any CPU.Build.0 = Debug|Any CPU
		{3323D254-444A-4045-82BE-D8E1841775D7}.Debug|x86.ActiveCfg = Debug|Any CPU
		{3323D254-444A-4045-82BE-D8E1841775D7}.Debug|x86.Build.0 = Debug|Any CPU
		{3323D254-444A-4045-82BE-D8E1841775D7}.Release|Any CPU.ActiveCfg = Release|Any CPU
		{3323D254-444A-4045-82BE-D8E1841775D7}.Release|Any CPU.Build.0 = Release|Any CPU
		{3323D254-444A-4045-82BE-D8E1841775D7}.Release|x86.ActiveCfg = Release|Any CPU
		{3323D254-444A-4045-82BE-D8E1841775D7}.Release|x86.Build.0 = Release|Any CPU
		{1973DA5C-E2F6-4F19-9F5F-DF67873F44E0}.Debug|Any CPU.ActiveCfg = Debug|Any CPU
		{1973DA5C-E2F6-4F19-9F5F-DF67873F44E0}.Debug|Any CPU.Build.0 = Debug|Any CPU
		{1973DA5C-E2F6-4F19-9F5F-DF67873F44E0}.Debug|x86.ActiveCfg = Debug|Any CPU
		{1973DA5C-E2F6-4F19-9F5F-DF67873F44E0}.Debug|x86.Build.0 = Debug|Any CPU
		{1973DA5C-E2F6-4F19-9F5F-DF67873F44E0}.Release|Any CPU.ActiveCfg = Release|Any CPU
		{1973DA5C-E2F6-4F19-9F5F-DF67873F44E0}.Release|Any CPU.Build.0 = Release|Any CPU
		{1973DA5C-E2F6-4F19-9F5F-DF67873F44E0}.Release|x86.ActiveCfg = Release|Any CPU
		{1973DA5C-E2F6-4F19-9F5F-DF67873F44E0}.Release|x86.Build.0 = Release|Any CPU
		{3CC269AC-22B3-456C-98D3-891D938EB801}.Debug|Any CPU.ActiveCfg = Debug|Any CPU
		{3CC269AC-22B3-456C-98D3-891D938EB801}.Debug|Any CPU.Build.0 = Debug|Any CPU
		{3CC269AC-22B3-456C-98D3-891D938EB801}.Debug|x86.ActiveCfg = Debug|Any CPU
		{3CC269AC-22B3-456C-98D3-891D938EB801}.Debug|x86.Build.0 = Debug|Any CPU
		{3CC269AC-22B3-456C-98D3-891D938EB801}.Release|Any CPU.ActiveCfg = Release|Any CPU
		{3CC269AC-22B3-456C-98D3-891D938EB801}.Release|Any CPU.Build.0 = Release|Any CPU
		{3CC269AC-22B3-456C-98D3-891D938EB801}.Release|x86.ActiveCfg = Release|Any CPU
		{3CC269AC-22B3-456C-98D3-891D938EB801}.Release|x86.Build.0 = Release|Any CPU
		{7E59992A-4C7E-413F-ADF1-CEA58639E25A}.Debug|Any CPU.ActiveCfg = Debug|Any CPU
		{7E59992A-4C7E-413F-ADF1-CEA58639E25A}.Debug|Any CPU.Build.0 = Debug|Any CPU
		{7E59992A-4C7E-413F-ADF1-CEA58639E25A}.Debug|x86.ActiveCfg = Debug|Any CPU
		{7E59992A-4C7E-413F-ADF1-CEA58639E25A}.Debug|x86.Build.0 = Debug|Any CPU
		{7E59992A-4C7E-413F-ADF1-CEA58639E25A}.Release|Any CPU.ActiveCfg = Release|Any CPU
		{7E59992A-4C7E-413F-ADF1-CEA58639E25A}.Release|Any CPU.Build.0 = Release|Any CPU
		{7E59992A-4C7E-413F-ADF1-CEA58639E25A}.Release|x86.ActiveCfg = Release|Any CPU
		{7E59992A-4C7E-413F-ADF1-CEA58639E25A}.Release|x86.Build.0 = Release|Any CPU
	EndGlobalSection
	GlobalSection(SolutionProperties) = preSolution
		HideSolutionNode = FALSE
	EndGlobalSection
	GlobalSection(NestedProjects) = preSolution
		{0D226ADF-C558-026E-09A7-A03CE3BADC55} = {7F5FA449-C047-47EC-B104-61FD3754F8AC}
		{F57D2810-BEC8-490D-BFDD-3CC3980F938C} = {7F5FA449-C047-47EC-B104-61FD3754F8AC}
		{2A146797-7702-4800-8DD1-0AE43DC8FF92} = {7F5FA449-C047-47EC-B104-61FD3754F8AC}
		{AC451DDC-EFBA-4F7A-AA01-37F64ECEED74} = {7F5FA449-C047-47EC-B104-61FD3754F8AC}
		{3323D254-444A-4045-82BE-D8E1841775D7} = {7F5FA449-C047-47EC-B104-61FD3754F8AC}
	EndGlobalSection
	GlobalSection(ExtensibilityGlobals) = postSolution
		SolutionGuid = {0DCD68AB-C858-4D8E-B389-F720C6B99665}
	EndGlobalSection
EndGlobal
